{
  "name": "repository-manager.cli",
  "version": "0.0.4",
  "lockfileVersion": 3,
  "requires": true,
  "packages": {
    "": {
      "name": "repository-manager.cli",
      "version": "0.0.4",
      "dependencies": {
        "colors": "^1.4.0",
        "node-fetch": "^2.7.0",
        "ws": "^8.18.0"
      }
    },
    "../../libraries/cli-library": {
      "name": "my-platform-command-line-library",
      "version": "0.0.1",
      "extraneous": true,
      "dependencies": {
        "chalk": "^5.3.0",
        "cli-table3": "^0.6.3",
        "node-fetch": "^3.3.2",
        "ws": "^8.16.0"
      }
    },
    "../../repos/MyPlatform/Core.Module/Library.layer/repository-utilities.lib": {
      "version": "0.0.1",
      "extraneous": true,
      "license": "ISC"
    },
    "../../repos/MyPlatform/Core.Module/Library.layer/repository-utilities.lib": {
      "name": "repository-manager.lib",
      "version": "0.0.1",
      "extraneous": true,
      "license": "ISC"
    },
    "../../repos/MyPlatform/Core.Module/Library.layer/task-executor.lib": {
      "version": "0.0.3",
      "extraneous": true,
      "license": "ISC"
    },
    "../../repos/MyPlatform/Core.Module/Library.layer/task-loaders.lib": {
      "version": "0.0.4",
      "extraneous": true,
      "license": "ISC",
      "dependencies": {
        "@npmcli/arborist": "^6.3.0",
        "dotenv": "^16.0.2",
        "html-webpack-plugin": "^5.5.0",
        "webpack": "^5.74.0"
      }
    },
    "../../repos/MyPlatform/Core.Module/Library.layer/utilities.lib": {
      "version": "0.0.3",
      "extraneous": true,
      "license": "ISC"
    },
    "../../repos/MyPlatform/Ecosystem.Module/Library.layer/dependency-graph-builder.lib": {
      "version": "0.0.1",
      "extraneous": true,
      "license": "ISC"
    },
    "../../repos/MyPlatform/Ecosystem.Module/Library.layer/environment-handler.lib": {
      "version": "0.0.1",
      "extraneous": true,
      "license": "ISC"
    },
    "../../repos/MyPlatform/Ecosystem.Module/Library.layer/execution-params-generator.lib": {
      "version": "0.0.1",
      "extraneous": true,
      "license": "ISC",
      "dependencies": {
        "handlebars": "^4.7.7"
      }
    },
    "node_modules/colors": {
      "version": "1.4.0",
      "resolved": "https://registry.npmjs.org/colors/-/colors-1.4.0.tgz",
      "integrity": "sha512-a+UqTh4kgZg/SlGvfbzDHpgRu7AAQOmmqRHJnxhRZICKFUT91brVhNNt58CMWU9PsBbv3PDCZUHbVxuDiH2mtA==",
      "engines": {
        "node": ">=0.1.90"
      }
    },
    "node_modules/node-fetch": {
      "version": "2.7.0",
      "resolved": "https://registry.npmjs.org/node-fetch/-/node-fetch-2.7.0.tgz",
      "integrity": "sha512-c4FRfUm/dbcWZ7U+1Wq0AwCyFL+3nt2bEw05wfxSz+DWpWsitgmSgYmy2dQdWyKC1694ELPqMs/YzUSNozLt8A==",
      "dependencies": {
        "whatwg-url": "^5.0.0"
      },
      "engines": {
        "node": "4.x || >=6.0.0"
      },
      "peerDependencies": {
        "encoding": "^0.1.0"
      },
      "peerDependenciesMeta": {
        "encoding": {
          "optional": true
        }
      }
    },
    "node_modules/tr46": {
      "version": "0.0.3",
      "resolved": "https://registry.npmjs.org/tr46/-/tr46-0.0.3.tgz",
      "integrity": "sha512-N3WMsuqV66lT30CrXNbEjx4GEwlow3v6rr4mCcv6prnfwhS01rkgyFdjPNBYd9br7LpXV1+Emh01fHnq2Gdgrw=="
    },
    "node_modules/webidl-conversions": {
      "version": "3.0.1",
      "resolved": "https://registry.npmjs.org/webidl-conversions/-/webidl-conversions-3.0.1.tgz",
      "integrity": "sha512-2JAn3z8AR6rjK8Sm8orRC0h/bcl/DqL7tRPdGZ4I1CjdF+EaMLmYxBHyXuKL849eucPFhvBoxMsflfOb8kxaeQ=="
    },
    "node_modules/whatwg-url": {
      "version": "5.0.0",
      "resolved": "https://registry.npmjs.org/whatwg-url/-/whatwg-url-5.0.0.tgz",
      "integrity": "sha512-saE57nupxk6v3HY35+jzBwYa0rKSy0XR8JSxZPwgLr7ys0IBzhGviA1/TUGJLmSVqs8pb9AnvICXEuOHLprYTw==",
      "dependencies": {
        "tr46": "~0.0.3",
        "webidl-conversions": "^3.0.0"
      }
    },
    "node_modules/ws": {
      "version": "8.18.0",
      "resolved": "https://registry.npmjs.org/ws/-/ws-8.18.0.tgz",
      "integrity": "sha512-8VbfWfHLbbwu3+N6OKsOMpBdT4kXPDDB9cJk2bJ6mh9ucxdlnNvH1e+roYkKmN9Nxw2yjz7VzeO9oOz2zJ04Pw==",
      "engines": {
        "node": ">=10.0.0"
      },
      "peerDependencies": {
        "bufferutil": "^4.0.1",
        "utf-8-validate": ">=5.0.2"
      },
      "peerDependenciesMeta": {
        "bufferutil": {
          "optional": true
        },
        "utf-8-validate": {
          "optional": true
        }
      }
    }
  }
}
